
Microsoft Visual Studio Solution File, Format Version 12.00
# Visual Studio Version 17
VisualStudioVersion = 17.1.32421.90
MinimumVisualStudioVersion = 10.0.40219.1
Project("{FAE04EC0-301F-11D3-BF4B-00C04F79EFBC}") = "ContactManager", "ContactManager\ContactManager.csproj", "{35672B5B-8DEB-46C5-85F4-7EB8A0C227C3}"
EndProject
Global
	GlobalSection(SolutionConfigurationPlatforms) = preSolution
		Debug|Any CPU = Debug|Any CPU
		Release|Any CPU = Release|Any CPU
	EndGlobalSection
	GlobalSection(ProjectConfigurationPlatforms) = postSolution
		{35672B5B-8DEB-46C5-85F4-7EB8A0C227C3}.Debug|Any CPU.ActiveCfg = Debug|Any CPU
		{35672B5B-8DEB-46C5-85F4-7EB8A0C227C3}.Debug|Any CPU.Build.0 = Debug|Any CPU
		{35672B5B-8DEB-46C5-85F4-7EB8A0C227C3}.Release|Any CPU.ActiveCfg = Release|Any CPU
		{35672B5B-8DEB-46C5-85F4-7EB8A0C227C3}.Release|Any CPU.Build.0 = Release|Any CPU
	EndGlobalSection
	GlobalSection(SolutionProperties) = preSolution
		HideSolutionNode = FALSE
	EndGlobalSection
	GlobalSection(ExtensibilityGlobals) = postSolution
		SolutionGuid = {70D91E6F-3273-435E-A940-41EA17FFD481}
	EndGlobalSection
EndGlobal
